# THIS IS AN AUTOGENERATED FILE. DO NOT EDIT THIS FILE DIRECTLY.
# yarn lockfile v1


"@types/prop-types@*":
  "integrity" "sha512-JCB8C6SnDoQf0cNycqd/35A7MjcnK+ZTqE7judS6o7utxUCg6imJg3QK2qzHKszlTjcj2cn+NwMB2i96ubpj7w=="
  "resolved" "https://registry.npmjs.org/@types/prop-types/-/prop-types-15.7.5.tgz"
  "version" "15.7.5"

"@types/react@*":
  "integrity" "sha512-UPxNGInDCIKlfqBrm8LDXYWNfLHwIdisWcsH5GpMyGjhEDLFgTtlRBaoWuCua9HcyuE0rMkmAeZ3FXV1pYLIYQ=="
  "resolved" "https://registry.npmjs.org/@types/react/-/react-18.0.5.tgz"
  "version" "18.0.5"
  dependencies:
    "@types/prop-types" "*"
    "@types/scheduler" "*"
    "csstype" "^3.0.2"

"@types/scheduler@*":
  "integrity" "sha512-hppQEBDmlwhFAXKJX2KnWLYu5yMfi91yazPb2l+lbJiwW+wdo1gNeRA+3RgNSO39WYX2euey41KEwnqesU2Jew=="
  "resolved" "https://registry.npmjs.org/@types/scheduler/-/scheduler-0.16.2.tgz"
  "version" "0.16.2"

"axios@^0.26.1":
  "integrity" "sha512-fPwcX4EvnSHuInCMItEhAGnaSEXRBjtzh9fOtsE6E1G6p7vl7edEeZe11QHf18+6+9gR5PbKV/sGKNaD8YaMeA=="
  "resolved" "https://registry.npmjs.org/axios/-/axios-0.26.1.tgz"
  "version" "0.26.1"
  dependencies:
    "follow-redirects" "^1.14.8"

"csstype@^3.0.2":
  "integrity" "sha512-sa6P2wJ+CAbgyy4KFssIb/JNMLxFvKF1pCYCSXS8ZMuqZnMsrxqI2E5sPyoTpxoPU/gVZMzr2zjOfg8GIZOMsw=="
  "resolved" "https://registry.npmjs.org/csstype/-/csstype-3.0.11.tgz"
  "version" "3.0.11"

"follow-redirects@^1.14.8":
  "integrity" "sha512-MQDfihBQYMcyy5dhRDJUHcw7lb2Pv/TuE6xP1vyraLukNDHKbDxDNaOE3NbCAdKQApno+GPRyo1YAp89yCjK4w=="
  "resolved" "https://registry.npmjs.org/follow-redirects/-/follow-redirects-1.14.9.tgz"
  "version" "1.14.9"

"js-tokens@^3.0.0 || ^4.0.0":
  "integrity" "sha512-RdJUflcE3cUzKiMqQgsCu06FPu9UdIJO0beYbPhHN4k6apgJtifcoCtT9bcxOpYBtpD2kCM6Sbzg4CausW/PKQ=="
  "resolved" "https://registry.npmjs.org/js-tokens/-/js-tokens-4.0.0.tgz"
  "version" "4.0.0"

"loose-envify@^1.4.0":
  "integrity" "sha512-lyuxPGr/Wfhrlem2CL/UcnUc1zcqKAImBDzukY7Y5F/yQiNdko6+fRLevlw1HgMySw7f611UIY408EtxRSoK3Q=="
  "resolved" "https://registry.npmjs.org/loose-envify/-/loose-envify-1.4.0.tgz"
  "version" "1.4.0"
  dependencies:
    "js-tokens" "^3.0.0 || ^4.0.0"

"object-assign@^4.1.1":
  "integrity" "sha1-IQmtx5ZYh8/AXLvUQsrIv7s2CGM="
  "resolved" "https://registry.npmjs.org/object-assign/-/object-assign-4.1.1.tgz"
  "version" "4.1.1"

"prop-types@^15.6.0":
  "integrity" "sha512-oj87CgZICdulUohogVAR7AjlC0327U4el4L6eAvOqCeudMDVU0NThNaV+b9Df4dXgSP1gXMTnPdhfe/2qDH5cg=="
  "resolved" "https://registry.npmjs.org/prop-types/-/prop-types-15.8.1.tgz"
  "version" "15.8.1"
  dependencies:
    "loose-envify" "^1.4.0"
    "object-assign" "^4.1.1"
    "react-is" "^16.13.1"

"react-google-login@^5.2.2":
  "integrity" "sha512-JUngfvaSMcOuV0lFff7+SzJ2qviuNMQdqlsDJkUM145xkGPVIfqWXq9Ui+2Dr6jdJWH5KYdynz9+4CzKjI5u6g=="
  "resolved" "https://registry.npmjs.org/react-google-login/-/react-google-login-5.2.2.tgz"
  "version" "5.2.2"
  dependencies:
    "@types/react" "*"
    "prop-types" "^15.6.0"

"react-is@^16.13.1":
  "integrity" "sha512-24e6ynE2H+OKt4kqsOvNd8kBpV65zoxbA4BVsEOB3ARVWQki/DHzaUoC5KuON/BiccDaCCTZBuOcfZs70kR8bQ=="
  "resolved" "https://registry.npmjs.org/react-is/-/react-is-16.13.1.tgz"
  "version" "16.13.1"
